{
  "pins" : [
    {
      "identity" : "iosdropdown",
      "kind" : "remoteSourceControl",
      "location" : "https://github.com/jriosdev/iOSDropDown.git",
      "state" : {
        "branch" : "master",
        "revision" : "79970152b7873100308aba95ede0f18d313683b9"
      }
    }
  ],
  "version" : 2
}
